
Microsoft Visual Studio Solution File, Format Version 12.00
# Visual Studio 15
VisualStudioVersion = 15.0.26430.16
MinimumVisualStudioVersion = 10.0.40219.1
Project("{8BC9CEB8-8B4A-11D0-8D11-00A0C91BC942}") = "libecg-clr-interface", "libecg-clr-interface\libecg-clr-interface.vcxproj", "{568ED538-F03D-4CBD-97E4-6C2D8E0BC83E}"
EndProject
Global
	GlobalSection(SolutionConfigurationPlatforms) = preSolution
		Debug|x64 = Debug|x64
		Debug|x86 = Debug|x86
		Release|x64 = Release|x64
		Release|x86 = Release|x86
	EndGlobalSection
	GlobalSection(ProjectConfigurationPlatforms) = postSolution
		{568ED538-F03D-4CBD-97E4-6C2D8E0BC83E}.Debug|x64.ActiveCfg = Debug|x64
		{568ED538-F03D-4CBD-97E4-6C2D8E0BC83E}.Debug|x64.Build.0 = Debug|x64
		{568ED538-F03D-4CBD-97E4-6C2D8E0BC83E}.Debug|x86.ActiveCfg = Debug|Win32
		{568ED538-F03D-4CBD-97E4-6C2D8E0BC83E}.Debug|x86.Build.0 = Debug|Win32
		{568ED538-F03D-4CBD-97E4-6C2D8E0BC83E}.Release|x64.ActiveCfg = Release|x64
		{568ED538-F03D-4CBD-97E4-6C2D8E0BC83E}.Release|x64.Build.0 = Release|x64
		{568ED538-F03D-4CBD-97E4-6C2D8E0BC83E}.Release|x86.ActiveCfg = Release|Win32
		{568ED538-F03D-4CBD-97E4-6C2D8E0BC83E}.Release|x86.Build.0 = Release|Win32
	EndGlobalSection
	GlobalSection(SolutionProperties) = preSolution
		HideSolutionNode = FALSE
	EndGlobalSection
EndGlobal
